// !$*UTF8*$!
{
	archiveVersion = 1;
	classes = {
	};
	objectVersion = 46;
	objects = {

/* Begin PBXBuildFile section */
		5611A1191DD1713600152FB5 /* main.m in Sources */ = {isa = PBXBuildFile; fileRef = 5611A1181DD1713600152FB5 /* main.m */; };
		5611A11C1DD1713600152FB5 /* AppDelegate.m in Sources */ = {isa = PBXBuildFile; fileRef = 5611A11B1DD1713600152FB5 /* AppDelegate.m */; };
		5611A11F1DD1713600152FB5 /* ViewController.m in Sources */ = {isa = PBXBuildFile; fileRef = 5611A11E1DD1713600152FB5 /* ViewController.m */; };
		5611A1221DD1713600152FB5 /* Main.storyboard in Resources */ = {isa = PBXBuildFile; fileRef = 5611A1201DD1713600152FB5 /* Main.storyboard */; };
		5611A1241DD1713600152FB5 /* Assets.xcassets in Resources */ = {isa = PBXBuildFile; fileRef = 5611A1231DD1713600152FB5 /* Assets.xcassets */; };
		5611A1271DD1713600152FB5 /* LaunchScreen.storyboard in Resources */ = {isa = PBXBuildFile; fileRef = 5611A1251DD1713600152FB5 /* LaunchScreen.storyboard */; };
/* End PBXBuildFile section */

/* Begin PBXFileReference section */
		5611A1141DD1713600152FB5 /* YxdDouyu.app */ = {isa = PBXFileReference; explicitFileType = wrapper.application; includeInIndex = 0; path = YxdDouyu.app; sourceTree = BUILT_PRODUCTS_DIR; };
		5611A1181DD1713600152FB5 /* main.m */ = {isa = PBXFileReference; lastKnownFileType = sourcecode.c.objc; path = main.m; sourceTree = "<group>"; };
		5611A11A1DD1713600152FB5 /* AppDelegate.h */ = {isa = PBXFileReference; lastKnownFileType = sourcecode.c.h; path = AppDelegate.h; sourceTree = "<group>"; };
		5611A11B1DD1713600152FB5 /* AppDelegate.m */ = {isa = PBXFileReference; lastKnownFileType = sourcecode.c.objc; path = AppDelegate.m; sourceTree = "<group>"; };
		5611A11D1DD1713600152FB5 /* ViewController.h */ = {isa = PBXFileReference; lastKnownFileType = sourcecode.c.h; path = ViewController.h; sourceTree = "<group>"; };
		5611A11E1DD1713600152FB5 /* ViewController.m */ = {isa = PBXFileReference; lastKnownFileType = sourcecode.c.objc; path = ViewController.m; sourceTree = "<group>"; };
		5611A1211DD1713600152FB5 /* Base */ = {isa = PBXFileReference; lastKnownFileType = file.storyboard; name = Base; path = Base.lproj/Main.storyboard; sourceTree = "<group>"; };
		5611A1231DD1713600152FB5 /* Assets.xcassets */ = {isa = PBXFileReference; lastKnownFileType = folder.assetcatalog; path = Assets.xcassets; sourceTree = "<group>"; };
		5611A1261DD1713600152FB5 /* Base */ = {isa = PBXFileReference; lastKnownFileType = file.storyboard; name = Base; path = Base.lproj/LaunchScreen.storyboard; sourceTree = "<group>"; };
		5611A1281DD1713600152FB5 /* Info.plist */ = {isa = PBXFileReference; lastKnownFileType = text.plist.xml; path = Info.plist; sourceTree = "<group>"; };
/* End PBXFileReference section */

/* Begin PBXFrameworksBuildPhase section */
		5611A1111DD1713600152FB5 /* Frameworks */ = {
			isa = PBXFrameworksBuildPhase;
			buildActionMask = 2147483647;
			files = (
			);
			runOnlyForDeploymentPostprocessing = 0;
		};
/* End PBXFrameworksBuildPhase section */

/* Begin PBXGroup section */
		5611A10B1DD1713600152FB5 = {
			isa = PBXGroup;
			children = (
				5611A1161DD1713600152FB5 /* YxdDouyu */,
				5611A1151DD1713600152FB5 /* Products */,
			);
			sourceTree = "<group>";
		};
		5611A1151DD1713600152FB5 /* Products */ = {
			isa = PBXGroup;
			children = (
				5611A1141DD1713600152FB5 /* YxdDouyu.app */,
			);
			name = Products;
			sourceTree = "<group>";
		};
		5611A1161DD1713600152FB5 /* YxdDouyu */ = {
			isa = PBXGroup;
			children = (
				5611A11A1DD1713600152FB5 /* AppDelegate.h */,
				5611A11B1DD1713600152FB5 /* AppDelegate.m */,
				5611A11D1DD1713600152FB5 /* ViewController.h */,
				5611A11E1DD1713600152FB5 /* ViewController.m */,
				5611A1201DD1713600152FB5 /* Main.storyboard */,
				5611A1231DD1713600152FB5 /* Assets.xcassets */,
				5611A1251DD1713600152FB5 /* LaunchScreen.storyboard */,
				5611A1281DD1713600152FB5 /* Info.plist */,
				5611A1171DD1713600152FB5 /* Supporting Files */,
			);
			path = YxdDouyu;
			sourceTree = "<group>";
		};
		5611A1171DD1713600152FB5 /* Supporting Files */ = {
			isa = PBXGroup;
			children = (
				5611A1181DD1713600152FB5 /* main.m */,
			);
			name = "Supporting Files";
			sourceTree = "<group>";
		};
/* End PBXGroup section */

/* Begin PBXNativeTarget section */
		5611A1131DD1713600152FB5 /* YxdDouyu */ = {
			isa = PBXNativeTarget;
			buildConfigurationList = 5611A12B1DD1713600152FB5 /* Build configuration list for PBXNativeTarget "YxdDouyu" */;
			buildPhases = (
				5611A1101DD1713600152FB5 /* Sources */,
				5611A1111DD1713600152FB5 /* Frameworks */,
				5611A1121DD1713600152FB5 /* Resources */,
			);
			buildRules = (
			);
			dependencies = (
			);
			name = YxdDouyu;
			productName = YxdDouyu;
			productReference = 5611A1141DD1713600152FB5 /* YxdDouyu.app */;
			productType = "com.apple.product-type.application";
		};
/* End PBXNativeTarget section */

/* Begin PBXProject section */
		5611A10C1DD1713600152FB5 /* Project object */ = {
			isa = PBXProject;
			attributes = {
				LastUpgradeCheck = 0810;
				ORGANIZATIONNAME = tuanshang;
				TargetAttributes = {
					5611A1131DD1713600152FB5 = {
						CreatedOnToolsVersion = 8.1;
						ProvisioningStyle = Automatic;
					};
				};
			};
			buildConfigurationList = 5611A10F1DD1713600152FB5 /* Build configuration list for PBXProject "YxdDouyu" */;
			compatibilityVersion = "Xcode 3.2";
			developmentRegion = English;
			hasScannedForEncodings = 0;
			knownRegions = (
				en,
				Base,
			);
			mainGroup = 5611A10B1DD1713600152FB5;
			productRefGroup = 5611A1151DD1713600152FB5 /* Products */;
			projectDirPath = "";
			projectRoot = "";
			targets = (
				5611A1131DD1713600152FB5 /* YxdDouyu */,
			);
		};
/* End PBXProject section */

/* Begin PBXResourcesBuildPhase section */
		5611A1121DD1713600152FB5 /* Resources */ = {
			isa = PBXResourcesBuildPhase;
			buildActionMask = 2147483647;
			files = (
				5611A1271DD1713600152FB5 /* LaunchScreen.storyboard in Resources */,
				5611A1241DD1713600152FB5 /* Assets.xcassets in Resources */,
				5611A1221DD1713600152FB5 /* Main.storyboard in Resources */,
			);
			runOnlyForDeploymentPostprocessing = 0;
		};
/* End PBXResourcesBuildPhase section */

/* Begin PBXSourcesBuildPhase section */
		5611A1101DD1713600152FB5 /* Sources */ = {
			isa = PBXSourcesBuildPhase;
			buildActionMask = 2147483647;
			files = (
				5611A11F1DD1713600152FB5 /* ViewController.m in Sources */,
				5611A11C1DD1713600152FB5 /* AppDelegate.m in Sources */,
				5611A1191DD1713600152FB5 /* main.m in Sources */,
			);
			runOnlyForDeploymentPostprocessing = 0;
		};
/* End PBXSourcesBuildPhase section */

/* Begin PBXVariantGroup section */
		5611A1201DD1713600152FB5 /* Main.storyboard */ = {
			isa = PBXVariantGroup;
			children = (
				5611A1211DD1713600152FB5 /* Base */,
			);
			name = Main.storyboard;
			sourceTree = "<group>";
		};
		5611A1251DD1713600152FB5 /* LaunchScreen.storyboard */ = {
			isa = PBXVariantGroup;
			children = (
				5611A1261DD1713600152FB5 /* Base */,
			);
			name = LaunchScreen.storyboard;
			sourceTree = "<group>";
		};
/* End PBXVariantGroup section */

/* Begin XCBuildConfiguration section */
		5611A1291DD1713600152FB5 /* Debug */ = {
			isa = XCBuildConfiguration;
			buildSettings = {
				ALWAYS_SEARCH_USER_PATHS = NO;
				CLANG_ANALYZER_NONNULL = YES;
				CLANG_CXX_LANGUAGE_STANDARD = "gnu++0x";
				CLANG_CXX_LIBRARY = "libc++";
				CLANG_ENABLE_MODULES = YES;
				CLANG_ENABLE_OBJC_ARC = YES;
				CLANG_WARN_BOOL_CONVERSION = YES;
				CLANG_WARN_CONSTANT_CONVERSION = YES;
				CLANG_WARN_DIRECT_OBJC_ISA_USAGE = YES_ERROR;
				CLANG_WARN_DOCUMENTATION_COMMENTS = YES;
				CLANG_WARN_EMPTY_BODY = YES;
				CLANG_WARN_ENUM_CONVERSION = YES;
				CLANG_WARN_INFINITE_RECURSION = YES;
				CLANG_WARN_INT_CONVERSION = YES;
				CLANG_WARN_OBJC_ROOT_CLASS = YES_ERROR;
				CLANG_WARN_SUSPICIOUS_MOVES = YES;
				CLANG_WARN_UNREACHABLE_CODE = YES;
				CLANG_WARN__DUPLICATE_METHOD_MATCH = YES;
				"CODE_SIGN_IDENTITY[sdk=iphoneos*]" = "iPhone Developer";
				COPY_PHASE_STRIP = NO;
				DEBUG_INFORMATION_FORMAT = dwarf;
				ENABLE_STRICT_OBJC_MSGSEND = YES;
				ENABLE_TESTABILITY = YES;
				GCC_C_LANGUAGE_STANDARD = gnu99;
				GCC_DYNAMIC_NO_PIC = NO;
				GCC_NO_COMMON_BLOCKS = YES;
				GCC_OPTIMIZATION_LEVEL = 0;
				GCC_PREPROCESSOR_DEFINITIONS = (
					"DEBUG=1",
					"$(inherited)",
				);
				GCC_WARN_64_TO_32_BIT_CONVERSION = YES;
				GCC_WARN_ABOUT_RETURN_TYPE = YES_ERROR;
				GCC_WARN_UNDECLARED_SELECTOR = YES;
				GCC_WARN_UNINITIALIZED_AUTOS = YES_AGGRESSIVE;
				GCC_WARN_UNUSED_FUNCTION = YES;
				GCC_WARN_UNUSED_VARIABLE = YES;
				IPHONEOS_DEPLOYMENT_TARGET = 10.1;
				MTL_ENABLE_DEBUG_INFO = YES;
				ONLY_ACTIVE_ARCH = YES;
				SDKROOT = iphoneos;
			};
			name = Debug;
		};
		5611A12A1DD1713600152FB5 /* Release */ = {
			isa = XCBuildConfiguration;
			buildSettings = {
				ALWAYS_SEARCH_USER_PATHS = NO;
				CLANG_ANALYZER_NONNULL = YES;
				CLANG_CXX_LANGUAGE_STANDARD = "gnu++0x";
				CLANG_CXX_LIBRARY = "libc++";
				CLANG_ENABLE_MODULES = YES;
				CLANG_ENABLE_OBJC_ARC = YES;
				CLANG_WARN_BOOL_CONVERSION = YES;
				CLANG_WARN_CONSTANT_CONVERSION = YES;
				CLANG_WARN_DIRECT_OBJC_ISA_USAGE = YES_ERROR;
				CLANG_WARN_DOCUMENTATION_COMMENTS = YES;
				CLANG_WARN_EMPTY_BODY = YES;
				CLANG_WARN_ENUM_CONVERSION = YES;
				CLANG_WARN_INFINITE_RECURSION = YES;
				CLANG_WARN_INT_CONVERSION = YES;
				CLANG_WARN_OBJC_ROOT_CLASS = YES_ERROR;
				CLANG_WARN_SUSPICIOUS_MOVES = YES;
				CLANG_WARN_UNREACHABLE_CODE = YES;
				CLANG_WARN__DUPLICATE_METHOD_MATCH = YES;
				"CODE_SIGN_IDENTITY[sdk=iphoneos*]" = "iPhone Developer";
				COPY_PHASE_STRIP = NO;
				DEBUG_INFORMATION_FORMAT = "dwarf-with-dsym";
				ENABLE_NS_ASSERTIONS = NO;
				ENABLE_STRICT_OBJC_MSGSEND = YES;
				GCC_C_LANGUAGE_STANDARD = gnu99;
				GCC_NO_COMMON_BLOCKS = YES;
				GCC_WARN_64_TO_32_BIT_CONVERSION = YES;
				GCC_WARN_ABOUT_RETURN_TYPE = YES_ERROR;
				GCC_WARN_UNDECLARED_SELECTOR = YES;
				GCC_WARN_UNINITIALIZED_AUTOS = YES_AGGRESSIVE;
				GCC_WARN_UNUSED_FUNCTION = YES;
				GCC_WARN_UNUSED_VARIABLE = YES;
				IPHONEOS_DEPLOYMENT_TARGET = 10.1;
				MTL_ENABLE_DEBUG_INFO = NO;
				SDKROOT = iphoneos;
				VALIDATE_PRODUCT = YES;
			};
			name = Release;
		};
		5611A12C1DD1713600152FB5 /* Debug */ = {
			isa = XCBuildConfiguration;
			buildSettings = {
				ASSETCATALOG_COMPILER_APPICON_NAME = AppIcon;
				INFOPLIST_FILE = YxdDouyu/Info.plist;
				LD_RUNPATH_SEARCH_PATHS = "$(inherited) @executable_path/Frameworks";
				PRODUCT_BUNDLE_IDENTIFIER = com.tuanshang.yxd.YxdDouyu;
				PRODUCT_NAME = "$(TARGET_NAME)";
			};
			name = Debug;
		};
		5611A12D1DD1713600152FB5 /* Release */ = {
			isa = XCBuildConfiguration;
			buildSettings = {
				ASSETCATALOG_COMPILER_APPICON_NAME = AppIcon;
				INFOPLIST_FILE = YxdDouyu/Info.plist;
				LD_RUNPATH_SEARCH_PATHS = "$(inherited) @executable_path/Frameworks";
				PRODUCT_BUNDLE_IDENTIFIER = com.tuanshang.yxd.YxdDouyu;
				PRODUCT_NAME = "$(TARGET_NAME)";
			};
			name = Release;
		};
/* End XCBuildConfiguration section */

/* Begin XCConfigurationList section */
		5611A10F1DD1713600152FB5 /* Build configuration list for PBXProject "YxdDouyu" */ = {
			isa = XCConfigurationList;
			buildConfigurations = (
				5611A1291DD1713600152FB5 /* Debug */,
				5611A12A1DD1713600152FB5 /* Release */,
			);
			defaultConfigurationIsVisible = 0;
			defaultConfigurationName = Release;
		};
		5611A12B1DD1713600152FB5 /* Build configuration list for PBXNativeTarget "YxdDouyu" */ = {
			isa = XCConfigurationList;
			buildConfigurations = (
				5611A12C1DD1713600152FB5 /* Debug */,
				5611A12D1DD1713600152FB5 /* Release */,
			);
			defaultConfigurationIsVisible = 0;
		};
/* End XCConfigurationList section */
	};
	rootObject = 5611A10C1DD1713600152FB5 /* Project object */;
}
